
Microsoft Visual Studio Solution File, Format Version 12.00
# Visual Studio Version 16
VisualStudioVersion = 16.0.30413.136
MinimumVisualStudioVersion = 10.0.40219.1
Project("{9A19103F-16F7-4668-BE54-9A1E7A4F7556}") = "SpiralLake", "SpiralLake\SpiralLake.csproj", "{B21254E5-4A8E-43D6-B773-460DA3F1398C}"
EndProject
Global
	GlobalSection(SolutionConfigurationPlatforms) = preSolution
		Debug|Any CPU = Debug|Any CPU
		Release|Any CPU = Release|Any CPU
	EndGlobalSection
	GlobalSection(ProjectConfigurationPlatforms) = postSolution
		{B21254E5-4A8E-43D6-B773-460DA3F1398C}.Debug|Any CPU.ActiveCfg = Debug|Any CPU
		{B21254E5-4A8E-43D6-B773-460DA3F1398C}.Debug|Any CPU.Build.0 = Debug|Any CPU
		{B21254E5-4A8E-43D6-B773-460DA3F1398C}.Release|Any CPU.ActiveCfg = Release|Any CPU
		{B21254E5-4A8E-43D6-B773-460DA3F1398C}.Release|Any CPU.Build.0 = Release|Any CPU
	EndGlobalSection
	GlobalSection(SolutionProperties) = preSolution
		HideSolutionNode = FALSE
	EndGlobalSection
	GlobalSection(ExtensibilityGlobals) = postSolution
		SolutionGuid = {A748D390-B1A8-464D-8B75-4755E2F60CE6}
	EndGlobalSection
EndGlobal
